
Microsoft Visual Studio Solution File, Format Version 12.00
# Visual Studio 15
VisualStudioVersion = 15.0.27428.1
MinimumVisualStudioVersion = 10.0.40219.1
Project("{9A19103F-16F7-4668-BE54-9A1E7A4F7556}") = "Cities", "Cities.csproj", "{29EBFA84-43FF-4D8F-B62E-C01042341AEC}"
EndProject
Project("{FAE04EC0-301F-11D3-BF4B-00C04F79EFBC}") = "Cities.Tests", "..\Cities.Tests\Cities.Tests.csproj", "{300FC891-60C5-4929-AAAC-F42E8C4629C4}"
EndProject
Global
	GlobalSection(SolutionConfigurationPlatforms) = preSolution
		Debug|Any CPU = Debug|Any CPU
		Release|Any CPU = Release|Any CPU
	EndGlobalSection
	GlobalSection(ProjectConfigurationPlatforms) = postSolution
		{29EBFA84-43FF-4D8F-B62E-C01042341AEC}.Debug|Any CPU.ActiveCfg = Debug|Any CPU
		{29EBFA84-43FF-4D8F-B62E-C01042341AEC}.Debug|Any CPU.Build.0 = Debug|Any CPU
		{29EBFA84-43FF-4D8F-B62E-C01042341AEC}.Release|Any CPU.ActiveCfg = Release|Any CPU
		{29EBFA84-43FF-4D8F-B62E-C01042341AEC}.Release|Any CPU.Build.0 = Release|Any CPU
		{300FC891-60C5-4929-AAAC-F42E8C4629C4}.Debug|Any CPU.ActiveCfg = Debug|Any CPU
		{300FC891-60C5-4929-AAAC-F42E8C4629C4}.Debug|Any CPU.Build.0 = Debug|Any CPU
		{300FC891-60C5-4929-AAAC-F42E8C4629C4}.Release|Any CPU.ActiveCfg = Release|Any CPU
		{300FC891-60C5-4929-AAAC-F42E8C4629C4}.Release|Any CPU.Build.0 = Release|Any CPU
	EndGlobalSection
	GlobalSection(SolutionProperties) = preSolution
		HideSolutionNode = FALSE
	EndGlobalSection
	GlobalSection(ExtensibilityGlobals) = postSolution
		SolutionGuid = {E9D1C65E-309D-4FF9-A683-FBB01F0BD220}
	EndGlobalSection
EndGlobal
